// !$*UTF8*$!
{
	archiveVersion = 1;
	classes = {
	};
	objectVersion = 52;
	objects = {

/* Begin PBXBuildFile section */
		610D28332653533A001BFEBB /* Kingfisher in Frameworks */ = {isa = PBXBuildFile; productRef = 610D28322653533A001BFEBB /* Kingfisher */; };
		6113923F265278C4001FA6E9 /* PokedexApp.swift in Sources */ = {isa = PBXBuildFile; fileRef = 6113923E265278C4001FA6E9 /* PokedexApp.swift */; };
		61139243265278C7001FA6E9 /* Assets.xcassets in Resources */ = {isa = PBXBuildFile; fileRef = 61139242265278C7001FA6E9 /* Assets.xcassets */; };
		61139246265278C7001FA6E9 /* Preview Assets.xcassets in Resources */ = {isa = PBXBuildFile; fileRef = 61139245265278C7001FA6E9 /* Preview Assets.xcassets */; };
		6113925426527A13001FA6E9 /* PokemonCell.swift in Sources */ = {isa = PBXBuildFile; fileRef = 6113925326527A13001FA6E9 /* PokemonCell.swift */; };
		61139256265280FB001FA6E9 /* PokemonListView.swift in Sources */ = {isa = PBXBuildFile; fileRef = 61139255265280FB001FA6E9 /* PokemonListView.swift */; };
		612E5AD926847E1A00B8589B /* PokemonFavouriteView.swift in Sources */ = {isa = PBXBuildFile; fileRef = 612E5AD826847E1A00B8589B /* PokemonFavouriteView.swift */; };
		612E5ADD26847EB700B8589B /* data.json in Resources */ = {isa = PBXBuildFile; fileRef = 612E5ADC26847EB700B8589B /* data.json */; };
		612E5ADF26847F0000B8589B /* PokemonTypeView.swift in Sources */ = {isa = PBXBuildFile; fileRef = 612E5ADE26847F0000B8589B /* PokemonTypeView.swift */; };
		612E5AE126847F5200B8589B /* PokemonDetailView.swift in Sources */ = {isa = PBXBuildFile; fileRef = 612E5AE026847F5200B8589B /* PokemonDetailView.swift */; };
		612E5AE42684805C00B8589B /* Constants.swift in Sources */ = {isa = PBXBuildFile; fileRef = 612E5AE32684805C00B8589B /* Constants.swift */; };
		612E5AE6268483E700B8589B /* PokemonTabView.swift in Sources */ = {isa = PBXBuildFile; fileRef = 612E5AE5268483E700B8589B /* PokemonTabView.swift */; };
		61D2102E2652B90000910FC1 /* Pokemon.swift in Sources */ = {isa = PBXBuildFile; fileRef = 61D2102D2652B90000910FC1 /* Pokemon.swift */; };
		61D210302652BD3D00910FC1 /* PokemonModel.swift in Sources */ = {isa = PBXBuildFile; fileRef = 61D2102F2652BD3D00910FC1 /* PokemonModel.swift */; };
/* End PBXBuildFile section */

/* Begin PBXFileReference section */
		6113923B265278C4001FA6E9 /* Pokedex.app */ = {isa = PBXFileReference; explicitFileType = wrapper.application; includeInIndex = 0; path = Pokedex.app; sourceTree = BUILT_PRODUCTS_DIR; };
		6113923E265278C4001FA6E9 /* PokedexApp.swift */ = {isa = PBXFileReference; lastKnownFileType = sourcecode.swift; path = PokedexApp.swift; sourceTree = "<group>"; };
		61139242265278C7001FA6E9 /* Assets.xcassets */ = {isa = PBXFileReference; lastKnownFileType = folder.assetcatalog; path = Assets.xcassets; sourceTree = "<group>"; };
		61139245265278C7001FA6E9 /* Preview Assets.xcassets */ = {isa = PBXFileReference; lastKnownFileType = folder.assetcatalog; path = "Preview Assets.xcassets"; sourceTree = "<group>"; };
		61139247265278C7001FA6E9 /* Info.plist */ = {isa = PBXFileReference; lastKnownFileType = text.plist.xml; path = Info.plist; sourceTree = "<group>"; };
		6113925326527A13001FA6E9 /* PokemonCell.swift */ = {isa = PBXFileReference; lastKnownFileType = sourcecode.swift; path = PokemonCell.swift; sourceTree = "<group>"; };
		61139255265280FB001FA6E9 /* PokemonListView.swift */ = {isa = PBXFileReference; lastKnownFileType = sourcecode.swift; path = PokemonListView.swift; sourceTree = "<group>"; };
		612E5AD826847E1A00B8589B /* PokemonFavouriteView.swift */ = {isa = PBXFileReference; lastKnownFileType = sourcecode.swift; path = PokemonFavouriteView.swift; sourceTree = "<group>"; };
		612E5ADC26847EB700B8589B /* data.json */ = {isa = PBXFileReference; lastKnownFileType = text.json; path = data.json; sourceTree = "<group>"; };
		612E5ADE26847F0000B8589B /* PokemonTypeView.swift */ = {isa = PBXFileReference; lastKnownFileType = sourcecode.swift; path = PokemonTypeView.swift; sourceTree = "<group>"; };
		612E5AE026847F5200B8589B /* PokemonDetailView.swift */ = {isa = PBXFileReference; lastKnownFileType = sourcecode.swift; path = PokemonDetailView.swift; sourceTree = "<group>"; };
		612E5AE32684805C00B8589B /* Constants.swift */ = {isa = PBXFileReference; lastKnownFileType = sourcecode.swift; path = Constants.swift; sourceTree = "<group>"; };
		612E5AE5268483E700B8589B /* PokemonTabView.swift */ = {isa = PBXFileReference; lastKnownFileType = sourcecode.swift; path = PokemonTabView.swift; sourceTree = "<group>"; };
		61D2102D2652B90000910FC1 /* Pokemon.swift */ = {isa = PBXFileReference; lastKnownFileType = sourcecode.swift; path = Pokemon.swift; sourceTree = "<group>"; };
		61D2102F2652BD3D00910FC1 /* PokemonModel.swift */ = {isa = PBXFileReference; lastKnownFileType = sourcecode.swift; path = PokemonModel.swift; sourceTree = "<group>"; };
/* End PBXFileReference section */

/* Begin PBXFrameworksBuildPhase section */
		61139238265278C4001FA6E9 /* Frameworks */ = {
			isa = PBXFrameworksBuildPhase;
			buildActionMask = 2147483647;
			files = (
				610D28332653533A001BFEBB /* Kingfisher in Frameworks */,
			);
			runOnlyForDeploymentPostprocessing = 0;
		};
/* End PBXFrameworksBuildPhase section */

/* Begin PBXGroup section */
		61139232265278C4001FA6E9 = {
			isa = PBXGroup;
			children = (
				6113923D265278C4001FA6E9 /* Pokedex */,
				6113923C265278C4001FA6E9 /* Products */,
			);
			sourceTree = "<group>";
		};
		6113923C265278C4001FA6E9 /* Products */ = {
			isa = PBXGroup;
			children = (
				6113923B265278C4001FA6E9 /* Pokedex.app */,
			);
			name = Products;
			sourceTree = "<group>";
		};
		6113923D265278C4001FA6E9 /* Pokedex */ = {
			isa = PBXGroup;
			children = (
				6113923E265278C4001FA6E9 /* PokedexApp.swift */,
				61139250265279B2001FA6E9 /* View */,
				61139251265279C4001FA6E9 /* ViewModel */,
				61139252265279CC001FA6E9 /* Model */,
				612E5ADB26847E9800B8589B /* Resoures */,
				612E5ADA26847E3900B8589B /* Helpers */,
				61139242265278C7001FA6E9 /* Assets.xcassets */,
				61139247265278C7001FA6E9 /* Info.plist */,
				61139244265278C7001FA6E9 /* Preview Content */,
			);
			path = Pokedex;
			sourceTree = "<group>";
		};
		61139244265278C7001FA6E9 /* Preview Content */ = {
			isa = PBXGroup;
			children = (
				61139245265278C7001FA6E9 /* Preview Assets.xcassets */,
			);
			path = "Preview Content";
			sourceTree = "<group>";
		};
		61139250265279B2001FA6E9 /* View */ = {
			isa = PBXGroup;
			children = (
				6113925326527A13001FA6E9 /* PokemonCell.swift */,
				61139255265280FB001FA6E9 /* PokemonListView.swift */,
				612E5AD826847E1A00B8589B /* PokemonFavouriteView.swift */,
				612E5ADE26847F0000B8589B /* PokemonTypeView.swift */,
				612E5AE026847F5200B8589B /* PokemonDetailView.swift */,
				612E5AE5268483E700B8589B /* PokemonTabView.swift */,
			);
			path = View;
			sourceTree = "<group>";
		};
		61139251265279C4001FA6E9 /* ViewModel */ = {
			isa = PBXGroup;
			children = (
				61D2102F2652BD3D00910FC1 /* PokemonModel.swift */,
			);
			path = ViewModel;
			sourceTree = "<group>";
		};
		61139252265279CC001FA6E9 /* Model */ = {
			isa = PBXGroup;
			children = (
				61D2102D2652B90000910FC1 /* Pokemon.swift */,
			);
			path = Model;
			sourceTree = "<group>";
		};
		612E5ADA26847E3900B8589B /* Helpers */ = {
			isa = PBXGroup;
			children = (
				612E5AE32684805C00B8589B /* Constants.swift */,
			);
			path = Helpers;
			sourceTree = "<group>";
		};
		612E5ADB26847E9800B8589B /* Resoures */ = {
			isa = PBXGroup;
			children = (
				612E5ADC26847EB700B8589B /* data.json */,
			);
			path = Resoures;
			sourceTree = "<group>";
		};
/* End PBXGroup section */

/* Begin PBXNativeTarget section */
		6113923A265278C4001FA6E9 /* Pokedex */ = {
			isa = PBXNativeTarget;
			buildConfigurationList = 6113924A265278C7001FA6E9 /* Build configuration list for PBXNativeTarget "Pokedex" */;
			buildPhases = (
				61139237265278C4001FA6E9 /* Sources */,
				61139238265278C4001FA6E9 /* Frameworks */,
				61139239265278C4001FA6E9 /* Resources */,
			);
			buildRules = (
			);
			dependencies = (
			);
			name = Pokedex;
			packageProductDependencies = (
				610D28322653533A001BFEBB /* Kingfisher */,
			);
			productName = Pokedex;
			productReference = 6113923B265278C4001FA6E9 /* Pokedex.app */;
			productType = "com.apple.product-type.application";
		};
/* End PBXNativeTarget section */

/* Begin PBXProject section */
		61139233265278C4001FA6E9 /* Project object */ = {
			isa = PBXProject;
			attributes = {
				LastSwiftUpdateCheck = 1250;
				LastUpgradeCheck = 1250;
				TargetAttributes = {
					6113923A265278C4001FA6E9 = {
						CreatedOnToolsVersion = 12.5;
					};
				};
			};
			buildConfigurationList = 61139236265278C4001FA6E9 /* Build configuration list for PBXProject "Pokedex" */;
			compatibilityVersion = "Xcode 9.3";
			developmentRegion = en;
			hasScannedForEncodings = 0;
			knownRegions = (
				en,
				Base,
			);
			mainGroup = 61139232265278C4001FA6E9;
			packageReferences = (
				610D28312653533A001BFEBB /* XCRemoteSwiftPackageReference "Kingfisher" */,
			);
			productRefGroup = 6113923C265278C4001FA6E9 /* Products */;
			projectDirPath = "";
			projectRoot = "";
			targets = (
				6113923A265278C4001FA6E9 /* Pokedex */,
			);
		};
/* End PBXProject section */

/* Begin PBXResourcesBuildPhase section */
		61139239265278C4001FA6E9 /* Resources */ = {
			isa = PBXResourcesBuildPhase;
			buildActionMask = 2147483647;
			files = (
				61139246265278C7001FA6E9 /* Preview Assets.xcassets in Resources */,
				612E5ADD26847EB700B8589B /* data.json in Resources */,
				61139243265278C7001FA6E9 /* Assets.xcassets in Resources */,
			);
			runOnlyForDeploymentPostprocessing = 0;
		};
/* End PBXResourcesBuildPhase section */

/* Begin PBXSourcesBuildPhase section */
		61139237265278C4001FA6E9 /* Sources */ = {
			isa = PBXSourcesBuildPhase;
			buildActionMask = 2147483647;
			files = (
				61D2102E2652B90000910FC1 /* Pokemon.swift in Sources */,
				612E5AE126847F5200B8589B /* PokemonDetailView.swift in Sources */,
				612E5AE6268483E700B8589B /* PokemonTabView.swift in Sources */,
				61D210302652BD3D00910FC1 /* PokemonModel.swift in Sources */,
				6113923F265278C4001FA6E9 /* PokedexApp.swift in Sources */,
				612E5ADF26847F0000B8589B /* PokemonTypeView.swift in Sources */,
				6113925426527A13001FA6E9 /* PokemonCell.swift in Sources */,
				612E5AD926847E1A00B8589B /* PokemonFavouriteView.swift in Sources */,
				612E5AE42684805C00B8589B /* Constants.swift in Sources */,
				61139256265280FB001FA6E9 /* PokemonListView.swift in Sources */,
			);
			runOnlyForDeploymentPostprocessing = 0;
		};
/* End PBXSourcesBuildPhase section */

/* Begin XCBuildConfiguration section */
		61139248265278C7001FA6E9 /* Debug */ = {
			isa = XCBuildConfiguration;
			buildSettings = {
				ALWAYS_SEARCH_USER_PATHS = NO;
				CLANG_ANALYZER_NONNULL = YES;
				CLANG_ANALYZER_NUMBER_OBJECT_CONVERSION = YES_AGGRESSIVE;
				CLANG_CXX_LANGUAGE_STANDARD = "gnu++14";
				CLANG_CXX_LIBRARY = "libc++";
				CLANG_ENABLE_MODULES = YES;
				CLANG_ENABLE_OBJC_ARC = YES;
				CLANG_ENABLE_OBJC_WEAK = YES;
				CLANG_WARN_BLOCK_CAPTURE_AUTORELEASING = YES;
				CLANG_WARN_BOOL_CONVERSION = YES;
				CLANG_WARN_COMMA = YES;
				CLANG_WARN_CONSTANT_CONVERSION = YES;
				CLANG_WARN_DEPRECATED_OBJC_IMPLEMENTATIONS = YES;
				CLANG_WARN_DIRECT_OBJC_ISA_USAGE = YES_ERROR;
				CLANG_WARN_DOCUMENTATION_COMMENTS = YES;
				CLANG_WARN_EMPTY_BODY = YES;
				CLANG_WARN_ENUM_CONVERSION = YES;
				CLANG_WARN_INFINITE_RECURSION = YES;
				CLANG_WARN_INT_CONVERSION = YES;
				CLANG_WARN_NON_LITERAL_NULL_CONVERSION = YES;
				CLANG_WARN_OBJC_IMPLICIT_RETAIN_SELF = YES;
				CLANG_WARN_OBJC_LITERAL_CONVERSION = YES;
				CLANG_WARN_OBJC_ROOT_CLASS = YES_ERROR;
				CLANG_WARN_QUOTED_INCLUDE_IN_FRAMEWORK_HEADER = YES;
				CLANG_WARN_RANGE_LOOP_ANALYSIS = YES;
				CLANG_WARN_STRICT_PROTOTYPES = YES;
				CLANG_WARN_SUSPICIOUS_MOVE = YES;
				CLANG_WARN_UNGUARDED_AVAILABILITY = YES_AGGRESSIVE;
				CLANG_WARN_UNREACHABLE_CODE = YES;
				CLANG_WARN__DUPLICATE_METHOD_MATCH = YES;
				COPY_PHASE_STRIP = NO;
				DEBUG_INFORMATION_FORMAT = dwarf;
				ENABLE_STRICT_OBJC_MSGSEND = YES;
				ENABLE_TESTABILITY = YES;
				GCC_C_LANGUAGE_STANDARD = gnu11;
				GCC_DYNAMIC_NO_PIC = NO;
				GCC_NO_COMMON_BLOCKS = YES;
				GCC_OPTIMIZATION_LEVEL = 0;
				GCC_PREPROCESSOR_DEFINITIONS = (
					"DEBUG=1",
					"$(inherited)",
				);
				GCC_WARN_64_TO_32_BIT_CONVERSION = YES;
				GCC_WARN_ABOUT_RETURN_TYPE = YES_ERROR;
				GCC_WARN_UNDECLARED_SELECTOR = YES;
				GCC_WARN_UNINITIALIZED_AUTOS = YES_AGGRESSIVE;
				GCC_WARN_UNUSED_FUNCTION = YES;
				GCC_WARN_UNUSED_VARIABLE = YES;
				IPHONEOS_DEPLOYMENT_TARGET = 14.5;
				MTL_ENABLE_DEBUG_INFO = INCLUDE_SOURCE;
				MTL_FAST_MATH = YES;
				ONLY_ACTIVE_ARCH = YES;
				SDKROOT = iphoneos;
				SWIFT_ACTIVE_COMPILATION_CONDITIONS = DEBUG;
				SWIFT_OPTIMIZATION_LEVEL = "-Onone";
			};
			name = Debug;
		};
		61139249265278C7001FA6E9 /* Release */ = {
			isa = XCBuildConfiguration;
			buildSettings = {
				ALWAYS_SEARCH_USER_PATHS = NO;
				CLANG_ANALYZER_NONNULL = YES;
				CLANG_ANALYZER_NUMBER_OBJECT_CONVERSION = YES_AGGRESSIVE;
				CLANG_CXX_LANGUAGE_STANDARD = "gnu++14";
				CLANG_CXX_LIBRARY = "libc++";
				CLANG_ENABLE_MODULES = YES;
				CLANG_ENABLE_OBJC_ARC = YES;
				CLANG_ENABLE_OBJC_WEAK = YES;
				CLANG_WARN_BLOCK_CAPTURE_AUTORELEASING = YES;
				CLANG_WARN_BOOL_CONVERSION = YES;
				CLANG_WARN_COMMA = YES;
				CLANG_WARN_CONSTANT_CONVERSION = YES;
				CLANG_WARN_DEPRECATED_OBJC_IMPLEMENTATIONS = YES;
				CLANG_WARN_DIRECT_OBJC_ISA_USAGE = YES_ERROR;
				CLANG_WARN_DOCUMENTATION_COMMENTS = YES;
				CLANG_WARN_EMPTY_BODY = YES;
				CLANG_WARN_ENUM_CONVERSION = YES;
				CLANG_WARN_INFINITE_RECURSION = YES;
				CLANG_WARN_INT_CONVERSION = YES;
				CLANG_WARN_NON_LITERAL_NULL_CONVERSION = YES;
				CLANG_WARN_OBJC_IMPLICIT_RETAIN_SELF = YES;
				CLANG_WARN_OBJC_LITERAL_CONVERSION = YES;
				CLANG_WARN_OBJC_ROOT_CLASS = YES_ERROR;
				CLANG_WARN_QUOTED_INCLUDE_IN_FRAMEWORK_HEADER = YES;
				CLANG_WARN_RANGE_LOOP_ANALYSIS = YES;
				CLANG_WARN_STRICT_PROTOTYPES = YES;
				CLANG_WARN_SUSPICIOUS_MOVE = YES;
				CLANG_WARN_UNGUARDED_AVAILABILITY = YES_AGGRESSIVE;
				CLANG_WARN_UNREACHABLE_CODE = YES;
				CLANG_WARN__DUPLICATE_METHOD_MATCH = YES;
				COPY_PHASE_STRIP = NO;
				DEBUG_INFORMATION_FORMAT = "dwarf-with-dsym";
				ENABLE_NS_ASSERTIONS = NO;
				ENABLE_STRICT_OBJC_MSGSEND = YES;
				GCC_C_LANGUAGE_STANDARD = gnu11;
				GCC_NO_COMMON_BLOCKS = YES;
				GCC_WARN_64_TO_32_BIT_CONVERSION = YES;
				GCC_WARN_ABOUT_RETURN_TYPE = YES_ERROR;
				GCC_WARN_UNDECLARED_SELECTOR = YES;
				GCC_WARN_UNINITIALIZED_AUTOS = YES_AGGRESSIVE;
				GCC_WARN_UNUSED_FUNCTION = YES;
				GCC_WARN_UNUSED_VARIABLE = YES;
				IPHONEOS_DEPLOYMENT_TARGET = 14.5;
				MTL_ENABLE_DEBUG_INFO = NO;
				MTL_FAST_MATH = YES;
				SDKROOT = iphoneos;
				SWIFT_COMPILATION_MODE = wholemodule;
				SWIFT_OPTIMIZATION_LEVEL = "-O";
				VALIDATE_PRODUCT = YES;
			};
			name = Release;
		};
		6113924B265278C7001FA6E9 /* Debug */ = {
			isa = XCBuildConfiguration;
			buildSettings = {
				ASSETCATALOG_COMPILER_APPICON_NAME = AppIcon;
				ASSETCATALOG_COMPILER_GLOBAL_ACCENT_COLOR_NAME = AccentColor;
				CODE_SIGN_STYLE = Automatic;
				DEVELOPMENT_ASSET_PATHS = "\"Pokedex/Preview Content\"";
				DEVELOPMENT_TEAM = MN56A5F393;
				ENABLE_PREVIEWS = YES;
				INFOPLIST_FILE = Pokedex/Info.plist;
				IPHONEOS_DEPLOYMENT_TARGET = 14.0;
				LD_RUNPATH_SEARCH_PATHS = (
					"$(inherited)",
					"@executable_path/Frameworks",
				);
				PRODUCT_BUNDLE_IDENTIFIER = "-.Pokedex";
				PRODUCT_NAME = "$(TARGET_NAME)";
				SWIFT_VERSION = 5.0;
				TARGETED_DEVICE_FAMILY = "1,2";
			};
			name = Debug;
		};
		6113924C265278C7001FA6E9 /* Release */ = {
			isa = XCBuildConfiguration;
			buildSettings = {
				ASSETCATALOG_COMPILER_APPICON_NAME = AppIcon;
				ASSETCATALOG_COMPILER_GLOBAL_ACCENT_COLOR_NAME = AccentColor;
				CODE_SIGN_STYLE = Automatic;
				DEVELOPMENT_ASSET_PATHS = "\"Pokedex/Preview Content\"";
				DEVELOPMENT_TEAM = MN56A5F393;
				ENABLE_PREVIEWS = YES;
				INFOPLIST_FILE = Pokedex/Info.plist;
				IPHONEOS_DEPLOYMENT_TARGET = 14.0;
				LD_RUNPATH_SEARCH_PATHS = (
					"$(inherited)",
					"@executable_path/Frameworks",
				);
				PRODUCT_BUNDLE_IDENTIFIER = "-.Pokedex";
				PRODUCT_NAME = "$(TARGET_NAME)";
				SWIFT_VERSION = 5.0;
				TARGETED_DEVICE_FAMILY = "1,2";
			};
			name = Release;
		};
/* End XCBuildConfiguration section */

/* Begin XCConfigurationList section */
		61139236265278C4001FA6E9 /* Build configuration list for PBXProject "Pokedex" */ = {
			isa = XCConfigurationList;
			buildConfigurations = (
				61139248265278C7001FA6E9 /* Debug */,
				61139249265278C7001FA6E9 /* Release */,
			);
			defaultConfigurationIsVisible = 0;
			defaultConfigurationName = Release;
		};
		6113924A265278C7001FA6E9 /* Build configuration list for PBXNativeTarget "Pokedex" */ = {
			isa = XCConfigurationList;
			buildConfigurations = (
				6113924B265278C7001FA6E9 /* Debug */,
				6113924C265278C7001FA6E9 /* Release */,
			);
			defaultConfigurationIsVisible = 0;
			defaultConfigurationName = Release;
		};
/* End XCConfigurationList section */

/* Begin XCRemoteSwiftPackageReference section */
		610D28312653533A001BFEBB /* XCRemoteSwiftPackageReference "Kingfisher" */ = {
			isa = XCRemoteSwiftPackageReference;
			repositoryURL = "https://github.com/onevcat/Kingfisher";
			requirement = {
				kind = upToNextMajorVersion;
				minimumVersion = 6.3.0;
			};
		};
/* End XCRemoteSwiftPackageReference section */

/* Begin XCSwiftPackageProductDependency section */
		610D28322653533A001BFEBB /* Kingfisher */ = {
			isa = XCSwiftPackageProductDependency;
			package = 610D28312653533A001BFEBB /* XCRemoteSwiftPackageReference "Kingfisher" */;
			productName = Kingfisher;
		};
/* End XCSwiftPackageProductDependency section */
	};
	rootObject = 61139233265278C4001FA6E9 /* Project object */;
}
